
Microsoft Visual Studio Solution File, Format Version 12.00
# Visual Studio Version 17
VisualStudioVersion = 17.9.34622.214
MinimumVisualStudioVersion = 10.0.40219.1
Project("{FAE04EC0-301F-11D3-BF4B-00C04F79EFBC}") = "Fiscal", "Fiscal\Fiscal.csproj", "{968CB1DE-F1CF-43C7-818D-E9AD3DCA60D4}"
EndProject
Project("{2150E333-8FDC-42A3-9474-1A3956D46DE8}") = "Classe", "Classe", "{2309749B-CB46-4D77-8CDD-21263F48FEB4}"
	ProjectSection(SolutionItems) = preProject
		Fiscal\DadoContabilista.cs = Fiscal\DadoContabilista.cs
		Fiscal\DataContext.cs = Fiscal\DataContext.cs
	EndProjectSection
EndProject
Global
	GlobalSection(SolutionConfigurationPlatforms) = preSolution
		Debug|Any CPU = Debug|Any CPU
		Release|Any CPU = Release|Any CPU
	EndGlobalSection
	GlobalSection(ProjectConfigurationPlatforms) = postSolution
		{968CB1DE-F1CF-43C7-818D-E9AD3DCA60D4}.Debug|Any CPU.ActiveCfg = Debug|Any CPU
		{968CB1DE-F1CF-43C7-818D-E9AD3DCA60D4}.Debug|Any CPU.Build.0 = Debug|Any CPU
		{968CB1DE-F1CF-43C7-818D-E9AD3DCA60D4}.Release|Any CPU.ActiveCfg = Release|Any CPU
		{968CB1DE-F1CF-43C7-818D-E9AD3DCA60D4}.Release|Any CPU.Build.0 = Release|Any CPU
	EndGlobalSection
	GlobalSection(SolutionProperties) = preSolution
		HideSolutionNode = FALSE
	EndGlobalSection
	GlobalSection(ExtensibilityGlobals) = postSolution
		SolutionGuid = {CDB684CB-99C9-44F6-AE22-6F53B2A12163}
	EndGlobalSection
EndGlobal
